
Microsoft Visual Studio Solution File, Format Version 12.00
# Visual Studio Version 16
VisualStudioVersion = 16.0.30503.244
MinimumVisualStudioVersion = 10.0.40219.1
Project("{FAE04EC0-301F-11D3-BF4B-00C04F79EFBC}") = "ForLoopChallengesGroup2", "ForLoopChallengesGroup2\ForLoopChallengesGroup2.csproj", "{F54D27D9-90FB-49B1-B36A-A7B3354362A1}"
EndProject
Global
	GlobalSection(SolutionConfigurationPlatforms) = preSolution
		Debug|Any CPU = Debug|Any CPU
		Release|Any CPU = Release|Any CPU
	EndGlobalSection
	GlobalSection(ProjectConfigurationPlatforms) = postSolution
		{F54D27D9-90FB-49B1-B36A-A7B3354362A1}.Debug|Any CPU.ActiveCfg = Debug|Any CPU
		{F54D27D9-90FB-49B1-B36A-A7B3354362A1}.Debug|Any CPU.Build.0 = Debug|Any CPU
		{F54D27D9-90FB-49B1-B36A-A7B3354362A1}.Release|Any CPU.ActiveCfg = Release|Any CPU
		{F54D27D9-90FB-49B1-B36A-A7B3354362A1}.Release|Any CPU.Build.0 = Release|Any CPU
	EndGlobalSection
	GlobalSection(SolutionProperties) = preSolution
		HideSolutionNode = FALSE
	EndGlobalSection
	GlobalSection(ExtensibilityGlobals) = postSolution
		SolutionGuid = {EAE36CC0-2424-4EEF-98D9-5681DAFF666E}
	EndGlobalSection
EndGlobal
